{
    "version": 3,
    "terraform_version": "0.9.6",
    "serial": 2,
    "lineage": "32246fe4-10dd-4bb6-ae05-9c66d1f0c1f1",
    "modules": [
        {
            "path": [
                "root"
            ],
            "outputs": {},
            "resources": {
                "aws_autoscaling_group.pocasg": {
                    "type": "aws_autoscaling_group",
                    "depends_on": [
                        "aws_elb.poc-lb",
                        "aws_launch_configuration.pocweb",
                        "aws_subnet.pub_sub.*"
                    ],
                    "primary": {
                        "id": "poc-asg",
                        "attributes": {
                            "arn": "arn:aws:autoscaling:us-east-1:106515868645:autoScalingGroup:098338f9-92bd-426f-9dec-84c1bd4dabfb:autoScalingGroupName/poc-asg",
                            "availability_zones.#": "2",
                            "availability_zones.1305112097": "us-east-1b",
                            "availability_zones.3569565595": "us-east-1a",
                            "default_cooldown": "300",
                            "desired_capacity": "2",
                            "force_delete": "false",
                            "health_check_grace_period": "300",
                            "health_check_type": "ELB",
                            "id": "poc-asg",
                            "launch_configuration": "poc-00b0a9501a94f8822244bb9f80",
                            "load_balancers.#": "1",
                            "load_balancers.3530614143": "poc-lb",
                            "max_size": "2",
                            "metrics_granularity": "1Minute",
                            "min_size": "2",
                            "name": "poc-asg",
                            "placement_group": "",
                            "protect_from_scale_in": "false",
                            "suspended_processes.#": "0",
                            "tag.#": "0",
                            "target_group_arns.#": "0",
                            "termination_policies.#": "1",
                            "termination_policies.0": "OldestInstance",
                            "vpc_zone_identifier.#": "2",
                            "vpc_zone_identifier.2469925043": "subnet-6a4c9d30",
                            "vpc_zone_identifier.3058077936": "subnet-7fd4ec1a",
                            "wait_for_capacity_timeout": "10m"
                        },
                        "meta": {},
                        "tainted": false
                    },
                    "deposed": [],
                    "provider": ""
                },
                "aws_eip.ip": {
                    "type": "aws_eip",
                    "depends_on": [
                        "aws_instance.web-poc"
                    ],
                    "primary": {
                        "id": "eipalloc-41827a71",
                        "attributes": {
                            "association_id": "eipassoc-2836651b",
                            "domain": "vpc",
                            "id": "eipalloc-41827a71",
                            "instance": "i-09060566739f41e3d",
                            "network_interface": "eni-4625469c",
                            "private_ip": "10.0.0.26",
                            "public_ip": "34.202.216.34",
                            "vpc": "true"
                        },
                        "meta": {},
                        "tainted": false
                    },
                    "deposed": [],
                    "provider": ""
                },
                "aws_eip.nat_ip": {
                    "type": "aws_eip",
                    "depends_on": [],
                    "primary": {
                        "id": "eipalloc-628a7252",
                        "attributes": {
                            "association_id": "eipassoc-af33609c",
                            "domain": "vpc",
                            "id": "eipalloc-628a7252",
                            "instance": "",
                            "network_interface": "eni-e1d3b33b",
                            "private_ip": "10.0.0.30",
                            "public_ip": "34.205.173.102",
                            "vpc": "true"
                        },
                        "meta": {},
                        "tainted": false
                    },
                    "deposed": [],
                    "provider": ""
                },
                "aws_elb.poc-lb": {
                    "type": "aws_elb",
                    "depends_on": [
                        "aws_security_group.poc-lb",
                        "aws_subnet.pub_sub.*"
                    ],
                    "primary": {
                        "id": "poc-lb",
                        "attributes": {
                            "access_logs.#": "0",
                            "availability_zones.#": "2",
                            "availability_zones.1305112097": "us-east-1b",
                            "availability_zones.3569565595": "us-east-1a",
                            "connection_draining": "true",
                            "connection_draining_timeout": "30",
                            "cross_zone_load_balancing": "true",
                            "dns_name": "poc-lb-2146216007.us-east-1.elb.amazonaws.com",
                            "health_check.#": "1",
                            "health_check.0.healthy_threshold": "2",
                            "health_check.0.interval": "30",
                            "health_check.0.target": "HTTP:80/",
                            "health_check.0.timeout": "25",
                            "health_check.0.unhealthy_threshold": "10",
                            "id": "poc-lb",
                            "idle_timeout": "60",
                            "instances.#": "0",
                            "internal": "false",
                            "listener.#": "1",
                            "listener.3057123346.instance_port": "80",
                            "listener.3057123346.instance_protocol": "http",
                            "listener.3057123346.lb_port": "80",
                            "listener.3057123346.lb_protocol": "http",
                            "listener.3057123346.ssl_certificate_id": "",
                            "name": "poc-lb",
                            "security_groups.#": "1",
                            "security_groups.2608939204": "sg-9a181de4",
                            "source_security_group": "106515868645/poc_lb_sg",
                            "source_security_group_id": "sg-9a181de4",
                            "subnets.#": "2",
                            "subnets.2469925043": "subnet-6a4c9d30",
                            "subnets.3058077936": "subnet-7fd4ec1a",
                            "tags.%": "1",
                            "tags.Name": "poc-lb",
                            "zone_id": "Z35SXDOTRQ7X7K"
                        },
                        "meta": {},
                        "tainted": false
                    },
                    "deposed": [],
                    "provider": ""
                },
                "aws_elb_attachment.web": {
                    "type": "aws_elb_attachment",
                    "depends_on": [
                        "aws_elb.poc-lb",
                        "aws_instance.web-poc"
                    ],
                    "primary": {
                        "id": "poc-lb-00b0a9501a94f8822244bb9f81",
                        "attributes": {
                            "elb": "poc-lb",
                            "id": "poc-lb-00b0a9501a94f8822244bb9f81",
                            "instance": "i-09060566739f41e3d"
                        },
                        "meta": {},
                        "tainted": false
                    },
                    "deposed": [],
                    "provider": ""
                },
                "aws_iam_instance_profile.poc_profile": {
                    "type": "aws_iam_instance_profile",
                    "depends_on": [
                        "aws_iam_role.poc_role"
                    ],
                    "primary": {
                        "id": "poc_profile-us-east-1",
                        "attributes": {
                            "arn": "arn:aws:iam::106515868645:instance-profile/poc_profile-us-east-1",
                            "id": "poc_profile-us-east-1",
                            "name": "poc_profile-us-east-1",
                            "path": "/",
                            "role": "poc_role-us-east-1",
                            "roles.#": "1",
                            "roles.3558528926": "poc_role-us-east-1",
                            "unique_id": "AIPAJEEAT5WF7YHYXYKES"
                        },
                        "meta": {},
                        "tainted": false
                    },
                    "deposed": [],
                    "provider": ""
                },
                "aws_iam_policy.tag_edit": {
                    "type": "aws_iam_policy",
                    "depends_on": [],
                    "primary": {
                        "id": "arn:aws:iam::106515868645:policy/edit-tag-instance",
                        "attributes": {
                            "arn": "arn:aws:iam::106515868645:policy/edit-tag-instance",
                            "id": "arn:aws:iam::106515868645:policy/edit-tag-instance",
                            "name": "edit-tag-instance",
                            "path": "/",
                            "policy": "{\n    \"Version\": \"2012-10-17\",\n    \"Statement\": [\n        {\n            \"Action\": [\n                \"ec2:*Tags*\"\n            ],\n            \"Effect\": \"Allow\",\n            \"Resource\": \"*\"\n        }\n    ]\n}\n"
                        },
                        "meta": {},
                        "tainted": false
                    },
                    "deposed": [],
                    "provider": ""
                },
                "aws_iam_policy_attachment.tag_access": {
                    "type": "aws_iam_policy_attachment",
                    "depends_on": [
                        "aws_iam_policy.tag_edit",
                        "aws_iam_role.poc_role"
                    ],
                    "primary": {
                        "id": "tag-access-attachment",
                        "attributes": {
                            "groups.#": "0",
                            "id": "tag-access-attachment",
                            "name": "tag-access-attachment",
                            "policy_arn": "arn:aws:iam::106515868645:policy/edit-tag-instance",
                            "roles.#": "1",
                            "roles.3558528926": "poc_role-us-east-1",
                            "users.#": "0"
                        },
                        "meta": {},
                        "tainted": false
                    },
                    "deposed": [],
                    "provider": ""
                },
                "aws_iam_role.poc_role": {
                    "type": "aws_iam_role",
                    "depends_on": [],
                    "primary": {
                        "id": "poc_role-us-east-1",
                        "attributes": {
                            "arn": "arn:aws:iam::106515868645:role/poc_role-us-east-1",
                            "assume_role_policy": "{\"Version\":\"2012-10-17\",\"Statement\":[{\"Sid\":\"\",\"Effect\":\"Allow\",\"Principal\":{\"Service\":\"ec2.amazonaws.com\"},\"Action\":\"sts:AssumeRole\"}]}",
                            "create_date": "2017-06-02T05:21:50Z",
                            "id": "poc_role-us-east-1",
                            "name": "poc_role-us-east-1",
                            "path": "/",
                            "unique_id": "AROAJI6DKHLXEC3YOWUQM"
                        },
                        "meta": {},
                        "tainted": false
                    },
                    "deposed": [],
                    "provider": ""
                },
                "aws_instance.db-poc": {
                    "type": "aws_instance",
                    "depends_on": [
                        "aws_iam_instance_profile.poc_profile",
                        "aws_security_group.DBServerSG",
                        "aws_subnet.priv_sub.*",
                        "data.template_file.poc_db_ud"
                    ],
                    "primary": {
                        "id": "i-0b4b9d2f35b91331b",
                        "attributes": {
                            "ami": "ami-c58c1dd3",
                            "associate_public_ip_address": "false",
                            "availability_zone": "us-east-1a",
                            "disable_api_termination": "false",
                            "ebs_block_device.#": "0",
                            "ebs_optimized": "false",
                            "ephemeral_block_device.#": "0",
                            "iam_instance_profile": "poc_profile-us-east-1",
                            "id": "i-0b4b9d2f35b91331b",
                            "instance_state": "running",
                            "instance_type": "t2.micro",
                            "ipv6_addresses.#": "0",
                            "key_name": "xipl-key",
                            "monitoring": "false",
                            "network_interface.#": "0",
                            "network_interface_id": "eni-35284bef",
                            "primary_network_interface_id": "eni-35284bef",
                            "private_dns": "ip-10-0-1-40.ec2.internal",
                            "private_ip": "10.0.1.40",
                            "public_dns": "",
                            "public_ip": "",
                            "root_block_device.#": "1",
                            "root_block_device.0.delete_on_termination": "true",
                            "root_block_device.0.iops": "100",
                            "root_block_device.0.volume_size": "8",
                            "root_block_device.0.volume_type": "gp2",
                            "security_groups.#": "0",
                            "source_dest_check": "true",
                            "subnet_id": "subnet-314a9b6b",
                            "tags.%": "1",
                            "tags.Name": "DB-instance 1",
                            "tenancy": "default",
                            "user_data": "e30d0c5eeee0dc5e40e3be93e9174c6702b97ee5",
                            "volume_tags.%": "0",
                            "vpc_security_group_ids.#": "1",
                            "vpc_security_group_ids.3557623792": "sg-6c1a1f12"
                        },
                        "meta": {
                            "e2bfb730-ecaa-11e6-8f88-34363bc7c4c0": {
                                "create": 600000000000,
                                "delete": 600000000000,
                                "update": 600000000000
                            },
                            "schema_version": "1"
                        },
                        "tainted": false
                    },
                    "deposed": [],
                    "provider": ""
                },
                "aws_instance.web-poc": {
                    "type": "aws_instance",
                    "depends_on": [
                        "aws_iam_instance_profile.poc_profile",
                        "aws_security_group.WebServerSG",
                        "aws_subnet.pub_sub.*",
                        "data.template_file.poc_web_ud"
                    ],
                    "primary": {
                        "id": "i-09060566739f41e3d",
                        "attributes": {
                            "ami": "ami-c58c1dd3",
                            "associate_public_ip_address": "true",
                            "availability_zone": "us-east-1a",
                            "disable_api_termination": "false",
                            "ebs_block_device.#": "0",
                            "ebs_optimized": "false",
                            "ephemeral_block_device.#": "0",
                            "iam_instance_profile": "poc_profile-us-east-1",
                            "id": "i-09060566739f41e3d",
                            "instance_state": "running",
                            "instance_type": "t2.micro",
                            "ipv6_addresses.#": "0",
                            "key_name": "xipl-key",
                            "monitoring": "false",
                            "network_interface.#": "0",
                            "network_interface_id": "eni-4625469c",
                            "primary_network_interface_id": "eni-4625469c",
                            "private_dns": "ip-10-0-0-26.ec2.internal",
                            "private_ip": "10.0.0.26",
                            "public_dns": "ec2-52-87-188-244.compute-1.amazonaws.com",
                            "public_ip": "52.87.188.244",
                            "root_block_device.#": "1",
                            "root_block_device.0.delete_on_termination": "true",
                            "root_block_device.0.iops": "100",
                            "root_block_device.0.volume_size": "8",
                            "root_block_device.0.volume_type": "gp2",
                            "security_groups.#": "0",
                            "source_dest_check": "true",
                            "subnet_id": "subnet-6a4c9d30",
                            "tags.%": "1",
                            "tags.Name": "Web-instance 1",
                            "tenancy": "default",
                            "user_data": "346442fee6c2f0f4e483f18044f9a3dca0256d30",
                            "volume_tags.%": "0",
                            "vpc_security_group_ids.#": "1",
                            "vpc_security_group_ids.1578849799": "sg-3d242143"
                        },
                        "meta": {
                            "e2bfb730-ecaa-11e6-8f88-34363bc7c4c0": {
                                "create": 600000000000,
                                "delete": 600000000000,
                                "update": 600000000000
                            },
                            "schema_version": "1"
                        },
                        "tainted": false
                    },
                    "deposed": [],
                    "provider": ""
                },
                "aws_internet_gateway.igw": {
                    "type": "aws_internet_gateway",
                    "depends_on": [
                        "aws_vpc.poc_vpc"
                    ],
                    "primary": {
                        "id": "igw-1be66b7d",
                        "attributes": {
                            "id": "igw-1be66b7d",
                            "tags.%": "1",
                            "tags.Name": "igw-POC_VPC",
                            "vpc_id": "vpc-502dfc29"
                        },
                        "meta": {},
                        "tainted": false
                    },
                    "deposed": [],
                    "provider": ""
                },
                "aws_launch_configuration.pocweb": {
                    "type": "aws_launch_configuration",
                    "depends_on": [
                        "aws_iam_instance_profile.poc_profile",
                        "aws_security_group.WebServerSG",
                        "data.template_file.poc_lc_ud"
                    ],
                    "primary": {
                        "id": "poc-00b0a9501a94f8822244bb9f80",
                        "attributes": {
                            "associate_public_ip_address": "false",
                            "ebs_block_device.#": "0",
                            "ebs_optimized": "false",
                            "enable_monitoring": "true",
                            "ephemeral_block_device.#": "0",
                            "iam_instance_profile": "poc_profile-us-east-1",
                            "id": "poc-00b0a9501a94f8822244bb9f80",
                            "image_id": "ami-c58c1dd3",
                            "instance_type": "t2.micro",
                            "key_name": "xipl-key",
                            "name": "poc-00b0a9501a94f8822244bb9f80",
                            "name_prefix": "poc-",
                            "root_block_device.#": "0",
                            "security_groups.#": "1",
                            "security_groups.1578849799": "sg-3d242143",
                            "spot_price": "",
                            "user_data": "f4c65508c9f4ab996593616b916ae6e440c57784",
                            "vpc_classic_link_id": "",
                            "vpc_classic_link_security_groups.#": "0"
                        },
                        "meta": {},
                        "tainted": false
                    },
                    "deposed": [],
                    "provider": ""
                },
                "aws_nat_gateway.nat": {
                    "type": "aws_nat_gateway",
                    "depends_on": [
                        "aws_eip.nat_ip",
                        "aws_subnet.pub_sub.*"
                    ],
                    "primary": {
                        "id": "nat-05629bdc7673471ce",
                        "attributes": {
                            "allocation_id": "eipalloc-628a7252",
                            "id": "nat-05629bdc7673471ce",
                            "network_interface_id": "eni-e1d3b33b",
                            "private_ip": "10.0.0.30",
                            "public_ip": "34.205.173.102",
                            "subnet_id": "subnet-6a4c9d30"
                        },
                        "meta": {},
                        "tainted": false
                    },
                    "deposed": [],
                    "provider": ""
                },
                "aws_route.private_internet": {
                    "type": "aws_route",
                    "depends_on": [
                        "aws_nat_gateway.nat",
                        "aws_route_table.private"
                    ],
                    "primary": {
                        "id": "r-rtb-12099e6a1080289494",
                        "attributes": {
                            "destination_cidr_block": "0.0.0.0/0",
                            "destination_prefix_list_id": "",
                            "egress_only_gateway_id": "",
                            "gateway_id": "",
                            "id": "r-rtb-12099e6a1080289494",
                            "instance_id": "",
                            "instance_owner_id": "",
                            "nat_gateway_id": "nat-05629bdc7673471ce",
                            "network_interface_id": "",
                            "origin": "CreateRoute",
                            "route_table_id": "rtb-12099e6a",
                            "state": "active",
                            "vpc_peering_connection_id": ""
                        },
                        "meta": {},
                        "tainted": false
                    },
                    "deposed": [],
                    "provider": ""
                },
                "aws_route.public_internet": {
                    "type": "aws_route",
                    "depends_on": [
                        "aws_internet_gateway.igw",
                        "aws_route_table.public"
                    ],
                    "primary": {
                        "id": "r-rtb-730f980b1080289494",
                        "attributes": {
                            "destination_cidr_block": "0.0.0.0/0",
                            "destination_prefix_list_id": "",
                            "egress_only_gateway_id": "",
                            "gateway_id": "igw-1be66b7d",
                            "id": "r-rtb-730f980b1080289494",
                            "instance_id": "",
                            "instance_owner_id": "",
                            "nat_gateway_id": "",
                            "network_interface_id": "",
                            "origin": "CreateRoute",
                            "route_table_id": "rtb-730f980b",
                            "state": "active",
                            "vpc_peering_connection_id": ""
                        },
                        "meta": {},
                        "tainted": false
                    },
                    "deposed": [],
                    "provider": ""
                },
                "aws_route_table.private": {
                    "type": "aws_route_table",
                    "depends_on": [
                        "aws_vpc.poc_vpc"
                    ],
                    "primary": {
                        "id": "rtb-12099e6a",
                        "attributes": {
                            "id": "rtb-12099e6a",
                            "propagating_vgws.#": "0",
                            "route.#": "1",
                            "route.3121725715.cidr_block": "0.0.0.0/0",
                            "route.3121725715.egress_only_gateway_id": "",
                            "route.3121725715.gateway_id": "",
                            "route.3121725715.instance_id": "",
                            "route.3121725715.ipv6_cidr_block": "",
                            "route.3121725715.nat_gateway_id": "nat-05629bdc7673471ce",
                            "route.3121725715.network_interface_id": "",
                            "route.3121725715.vpc_peering_connection_id": "",
                            "tags.%": "1",
                            "tags.Name": "route-table-private-POC_VPC",
                            "vpc_id": "vpc-502dfc29"
                        },
                        "meta": {},
                        "tainted": false
                    },
                    "deposed": [],
                    "provider": ""
                },
                "aws_route_table.public": {
                    "type": "aws_route_table",
                    "depends_on": [
                        "aws_vpc.poc_vpc"
                    ],
                    "primary": {
                        "id": "rtb-730f980b",
                        "attributes": {
                            "id": "rtb-730f980b",
                            "propagating_vgws.#": "0",
                            "route.#": "1",
                            "route.1438653845.cidr_block": "0.0.0.0/0",
                            "route.1438653845.egress_only_gateway_id": "",
                            "route.1438653845.gateway_id": "igw-1be66b7d",
                            "route.1438653845.instance_id": "",
                            "route.1438653845.ipv6_cidr_block": "",
                            "route.1438653845.nat_gateway_id": "",
                            "route.1438653845.network_interface_id": "",
                            "route.1438653845.vpc_peering_connection_id": "",
                            "tags.%": "1",
                            "tags.Name": "route-table-public-POC_VPC",
                            "vpc_id": "vpc-502dfc29"
                        },
                        "meta": {},
                        "tainted": false
                    },
                    "deposed": [],
                    "provider": ""
                },
                "aws_route_table_association.private.0": {
                    "type": "aws_route_table_association",
                    "depends_on": [
                        "aws_route_table.private",
                        "aws_subnet.priv_sub.*"
                    ],
                    "primary": {
                        "id": "rtbassoc-fc1f6987",
                        "attributes": {
                            "id": "rtbassoc-fc1f6987",
                            "route_table_id": "rtb-12099e6a",
                            "subnet_id": "subnet-314a9b6b"
                        },
                        "meta": {},
                        "tainted": false
                    },
                    "deposed": [],
                    "provider": ""
                },
                "aws_route_table_association.private.1": {
                    "type": "aws_route_table_association",
                    "depends_on": [
                        "aws_route_table.private",
                        "aws_subnet.priv_sub.*"
                    ],
                    "primary": {
                        "id": "rtbassoc-261d6b5d",
                        "attributes": {
                            "id": "rtbassoc-261d6b5d",
                            "route_table_id": "rtb-12099e6a",
                            "subnet_id": "subnet-7ed4ec1b"
                        },
                        "meta": {},
                        "tainted": false
                    },
                    "deposed": [],
                    "provider": ""
                },
                "aws_route_table_association.public.0": {
                    "type": "aws_route_table_association",
                    "depends_on": [
                        "aws_route_table.public",
                        "aws_subnet.pub_sub.*"
                    ],
                    "primary": {
                        "id": "rtbassoc-3f1c6a44",
                        "attributes": {
                            "id": "rtbassoc-3f1c6a44",
                            "route_table_id": "rtb-730f980b",
                            "subnet_id": "subnet-6a4c9d30"
                        },
                        "meta": {},
                        "tainted": false
                    },
                    "deposed": [],
                    "provider": ""
                },
                "aws_route_table_association.public.1": {
                    "type": "aws_route_table_association",
                    "depends_on": [
                        "aws_route_table.public",
                        "aws_subnet.pub_sub.*"
                    ],
                    "primary": {
                        "id": "rtbassoc-d81c6aa3",
                        "attributes": {
                            "id": "rtbassoc-d81c6aa3",
                            "route_table_id": "rtb-730f980b",
                            "subnet_id": "subnet-7fd4ec1a"
                        },
                        "meta": {},
                        "tainted": false
                    },
                    "deposed": [],
                    "provider": ""
                },
                "aws_security_group.DBServerSG": {
                    "type": "aws_security_group",
                    "depends_on": [
                        "aws_vpc.poc_vpc"
                    ],
                    "primary": {
                        "id": "sg-6c1a1f12",
                        "attributes": {
                            "description": "Security Group for Database Servers",
                            "egress.#": "1",
                            "egress.1403647648.cidr_blocks.#": "1",
                            "egress.1403647648.cidr_blocks.0": "0.0.0.0/0",
                            "egress.1403647648.from_port": "0",
                            "egress.1403647648.ipv6_cidr_blocks.#": "0",
                            "egress.1403647648.prefix_list_ids.#": "0",
                            "egress.1403647648.protocol": "tcp",
                            "egress.1403647648.security_groups.#": "0",
                            "egress.1403647648.self": "false",
                            "egress.1403647648.to_port": "65535",
                            "id": "sg-6c1a1f12",
                            "ingress.#": "3",
                            "ingress.1423218679.cidr_blocks.#": "0",
                            "ingress.1423218679.from_port": "22",
                            "ingress.1423218679.ipv6_cidr_blocks.#": "0",
                            "ingress.1423218679.protocol": "tcp",
                            "ingress.1423218679.security_groups.#": "1",
                            "ingress.1423218679.security_groups.1578849799": "sg-3d242143",
                            "ingress.1423218679.self": "false",
                            "ingress.1423218679.to_port": "22",
                            "ingress.1824291311.cidr_blocks.#": "0",
                            "ingress.1824291311.from_port": "-1",
                            "ingress.1824291311.ipv6_cidr_blocks.#": "0",
                            "ingress.1824291311.protocol": "icmp",
                            "ingress.1824291311.security_groups.#": "1",
                            "ingress.1824291311.security_groups.1578849799": "sg-3d242143",
                            "ingress.1824291311.self": "false",
                            "ingress.1824291311.to_port": "-1",
                            "ingress.3427623353.cidr_blocks.#": "0",
                            "ingress.3427623353.from_port": "3306",
                            "ingress.3427623353.ipv6_cidr_blocks.#": "0",
                            "ingress.3427623353.protocol": "tcp",
                            "ingress.3427623353.security_groups.#": "1",
                            "ingress.3427623353.security_groups.1578849799": "sg-3d242143",
                            "ingress.3427623353.self": "false",
                            "ingress.3427623353.to_port": "3306",
                            "name": "dbserver_sg",
                            "owner_id": "106515868645",
                            "tags.%": "1",
                            "tags.Name": "DbSG-POC_VPC",
                            "vpc_id": "vpc-502dfc29"
                        },
                        "meta": {},
                        "tainted": false
                    },
                    "deposed": [],
                    "provider": ""
                },
                "aws_security_group.WebServerSG": {
                    "type": "aws_security_group",
                    "depends_on": [
                        "aws_vpc.poc_vpc"
                    ],
                    "primary": {
                        "id": "sg-3d242143",
                        "attributes": {
                            "description": "Security Group for Web Servers",
                            "egress.#": "2",
                            "egress.1403647648.cidr_blocks.#": "1",
                            "egress.1403647648.cidr_blocks.0": "0.0.0.0/0",
                            "egress.1403647648.from_port": "0",
                            "egress.1403647648.ipv6_cidr_blocks.#": "0",
                            "egress.1403647648.prefix_list_ids.#": "0",
                            "egress.1403647648.protocol": "tcp",
                            "egress.1403647648.security_groups.#": "0",
                            "egress.1403647648.self": "false",
                            "egress.1403647648.to_port": "65535",
                            "egress.1799340084.cidr_blocks.#": "1",
                            "egress.1799340084.cidr_blocks.0": "0.0.0.0/0",
                            "egress.1799340084.from_port": "-1",
                            "egress.1799340084.ipv6_cidr_blocks.#": "0",
                            "egress.1799340084.prefix_list_ids.#": "0",
                            "egress.1799340084.protocol": "icmp",
                            "egress.1799340084.security_groups.#": "0",
                            "egress.1799340084.self": "false",
                            "egress.1799340084.to_port": "-1",
                            "id": "sg-3d242143",
                            "ingress.#": "2",
                            "ingress.2214680975.cidr_blocks.#": "1",
                            "ingress.2214680975.cidr_blocks.0": "0.0.0.0/0",
                            "ingress.2214680975.from_port": "80",
                            "ingress.2214680975.ipv6_cidr_blocks.#": "0",
                            "ingress.2214680975.protocol": "tcp",
                            "ingress.2214680975.security_groups.#": "0",
                            "ingress.2214680975.self": "false",
                            "ingress.2214680975.to_port": "80",
                            "ingress.2541437006.cidr_blocks.#": "1",
                            "ingress.2541437006.cidr_blocks.0": "0.0.0.0/0",
                            "ingress.2541437006.from_port": "22",
                            "ingress.2541437006.ipv6_cidr_blocks.#": "0",
                            "ingress.2541437006.protocol": "tcp",
                            "ingress.2541437006.security_groups.#": "0",
                            "ingress.2541437006.self": "false",
                            "ingress.2541437006.to_port": "22",
                            "name": "webserver_sg",
                            "owner_id": "106515868645",
                            "tags.%": "1",
                            "tags.Name": "WebSG-POC_VPC",
                            "vpc_id": "vpc-502dfc29"
                        },
                        "meta": {},
                        "tainted": false
                    },
                    "deposed": [],
                    "provider": ""
                },
                "aws_security_group.poc-lb": {
                    "type": "aws_security_group",
                    "depends_on": [
                        "aws_vpc.poc_vpc"
                    ],
                    "primary": {
                        "id": "sg-9a181de4",
                        "attributes": {
                            "description": "Security Group for POC Load Balancer",
                            "egress.#": "1",
                            "egress.3797862978.cidr_blocks.#": "0",
                            "egress.3797862978.from_port": "80",
                            "egress.3797862978.ipv6_cidr_blocks.#": "0",
                            "egress.3797862978.prefix_list_ids.#": "0",
                            "egress.3797862978.protocol": "tcp",
                            "egress.3797862978.security_groups.#": "1",
                            "egress.3797862978.security_groups.1578849799": "sg-3d242143",
                            "egress.3797862978.self": "false",
                            "egress.3797862978.to_port": "80",
                            "id": "sg-9a181de4",
                            "ingress.#": "1",
                            "ingress.2214680975.cidr_blocks.#": "1",
                            "ingress.2214680975.cidr_blocks.0": "0.0.0.0/0",
                            "ingress.2214680975.from_port": "80",
                            "ingress.2214680975.ipv6_cidr_blocks.#": "0",
                            "ingress.2214680975.protocol": "tcp",
                            "ingress.2214680975.security_groups.#": "0",
                            "ingress.2214680975.self": "false",
                            "ingress.2214680975.to_port": "80",
                            "name": "poc_lb_sg",
                            "owner_id": "106515868645",
                            "tags.%": "0",
                            "vpc_id": "vpc-502dfc29"
                        },
                        "meta": {},
                        "tainted": false
                    },
                    "deposed": [],
                    "provider": ""
                },
                "aws_security_group_rule.dbserversg_egress_all": {
                    "type": "aws_security_group_rule",
                    "depends_on": [
                        "aws_security_group.DBServerSG"
                    ],
                    "primary": {
                        "id": "sgrule-1771597696",
                        "attributes": {
                            "cidr_blocks.#": "1",
                            "cidr_blocks.0": "0.0.0.0/0",
                            "from_port": "0",
                            "id": "sgrule-1771597696",
                            "ipv6_cidr_blocks.#": "0",
                            "prefix_list_ids.#": "0",
                            "protocol": "tcp",
                            "security_group_id": "sg-6c1a1f12",
                            "self": "false",
                            "to_port": "65535",
                            "type": "egress"
                        },
                        "meta": {
                            "schema_version": "2"
                        },
                        "tainted": false
                    },
                    "deposed": [],
                    "provider": ""
                },
                "aws_security_group_rule.dbserversg_ingress_22": {
                    "type": "aws_security_group_rule",
                    "depends_on": [
                        "aws_security_group.DBServerSG",
                        "aws_security_group.WebServerSG"
                    ],
                    "primary": {
                        "id": "sgrule-2483408151",
                        "attributes": {
                            "cidr_blocks.#": "0",
                            "from_port": "22",
                            "id": "sgrule-2483408151",
                            "ipv6_cidr_blocks.#": "0",
                            "prefix_list_ids.#": "0",
                            "protocol": "tcp",
                            "security_group_id": "sg-6c1a1f12",
                            "self": "false",
                            "source_security_group_id": "sg-3d242143",
                            "to_port": "22",
                            "type": "ingress"
                        },
                        "meta": {
                            "schema_version": "2"
                        },
                        "tainted": false
                    },
                    "deposed": [],
                    "provider": ""
                },
                "aws_security_group_rule.dbserversg_ingress_3306": {
                    "type": "aws_security_group_rule",
                    "depends_on": [
                        "aws_security_group.DBServerSG",
                        "aws_security_group.WebServerSG"
                    ],
                    "primary": {
                        "id": "sgrule-3388453920",
                        "attributes": {
                            "cidr_blocks.#": "0",
                            "from_port": "3306",
                            "id": "sgrule-3388453920",
                            "ipv6_cidr_blocks.#": "0",
                            "prefix_list_ids.#": "0",
                            "protocol": "tcp",
                            "security_group_id": "sg-6c1a1f12",
                            "self": "false",
                            "source_security_group_id": "sg-3d242143",
                            "to_port": "3306",
                            "type": "ingress"
                        },
                        "meta": {
                            "schema_version": "2"
                        },
                        "tainted": false
                    },
                    "deposed": [],
                    "provider": ""
                },
                "aws_security_group_rule.dbserversg_ingress_icmp": {
                    "type": "aws_security_group_rule",
                    "depends_on": [
                        "aws_security_group.DBServerSG",
                        "aws_security_group.WebServerSG"
                    ],
                    "primary": {
                        "id": "sgrule-3278080300",
                        "attributes": {
                            "cidr_blocks.#": "0",
                            "from_port": "-1",
                            "id": "sgrule-3278080300",
                            "ipv6_cidr_blocks.#": "0",
                            "prefix_list_ids.#": "0",
                            "protocol": "icmp",
                            "security_group_id": "sg-6c1a1f12",
                            "self": "false",
                            "source_security_group_id": "sg-3d242143",
                            "to_port": "-1",
                            "type": "ingress"
                        },
                        "meta": {
                            "schema_version": "2"
                        },
                        "tainted": false
                    },
                    "deposed": [],
                    "provider": ""
                },
                "aws_security_group_rule.poc_lb_egress_80": {
                    "type": "aws_security_group_rule",
                    "depends_on": [
                        "aws_security_group.WebServerSG",
                        "aws_security_group.poc-lb"
                    ],
                    "primary": {
                        "id": "sgrule-617334357",
                        "attributes": {
                            "cidr_blocks.#": "0",
                            "from_port": "80",
                            "id": "sgrule-617334357",
                            "ipv6_cidr_blocks.#": "0",
                            "prefix_list_ids.#": "0",
                            "protocol": "tcp",
                            "security_group_id": "sg-9a181de4",
                            "self": "false",
                            "source_security_group_id": "sg-3d242143",
                            "to_port": "80",
                            "type": "egress"
                        },
                        "meta": {
                            "schema_version": "2"
                        },
                        "tainted": false
                    },
                    "deposed": [],
                    "provider": ""
                },
                "aws_security_group_rule.poc_lb_ingress_80": {
                    "type": "aws_security_group_rule",
                    "depends_on": [
                        "aws_security_group.poc-lb"
                    ],
                    "primary": {
                        "id": "sgrule-2085002608",
                        "attributes": {
                            "cidr_blocks.#": "1",
                            "cidr_blocks.0": "0.0.0.0/0",
                            "from_port": "80",
                            "id": "sgrule-2085002608",
                            "ipv6_cidr_blocks.#": "0",
                            "prefix_list_ids.#": "0",
                            "protocol": "tcp",
                            "security_group_id": "sg-9a181de4",
                            "self": "false",
                            "to_port": "80",
                            "type": "ingress"
                        },
                        "meta": {
                            "schema_version": "2"
                        },
                        "tainted": false
                    },
                    "deposed": [],
                    "provider": ""
                },
                "aws_security_group_rule.webserversg_egress_all": {
                    "type": "aws_security_group_rule",
                    "depends_on": [
                        "aws_security_group.WebServerSG"
                    ],
                    "primary": {
                        "id": "sgrule-3781181170",
                        "attributes": {
                            "cidr_blocks.#": "1",
                            "cidr_blocks.0": "0.0.0.0/0",
                            "from_port": "0",
                            "id": "sgrule-3781181170",
                            "ipv6_cidr_blocks.#": "0",
                            "prefix_list_ids.#": "0",
                            "protocol": "tcp",
                            "security_group_id": "sg-3d242143",
                            "self": "false",
                            "to_port": "65535",
                            "type": "egress"
                        },
                        "meta": {
                            "schema_version": "2"
                        },
                        "tainted": false
                    },
                    "deposed": [],
                    "provider": ""
                },
                "aws_security_group_rule.webserversg_egress_icmp": {
                    "type": "aws_security_group_rule",
                    "depends_on": [
                        "aws_security_group.WebServerSG"
                    ],
                    "primary": {
                        "id": "sgrule-151347579",
                        "attributes": {
                            "cidr_blocks.#": "1",
                            "cidr_blocks.0": "0.0.0.0/0",
                            "from_port": "-1",
                            "id": "sgrule-151347579",
                            "ipv6_cidr_blocks.#": "0",
                            "prefix_list_ids.#": "0",
                            "protocol": "icmp",
                            "security_group_id": "sg-3d242143",
                            "self": "false",
                            "to_port": "-1",
                            "type": "egress"
                        },
                        "meta": {
                            "schema_version": "2"
                        },
                        "tainted": false
                    },
                    "deposed": [],
                    "provider": ""
                },
                "aws_security_group_rule.webserversg_ingress_22": {
                    "type": "aws_security_group_rule",
                    "depends_on": [
                        "aws_security_group.WebServerSG"
                    ],
                    "primary": {
                        "id": "sgrule-1857729301",
                        "attributes": {
                            "cidr_blocks.#": "1",
                            "cidr_blocks.0": "0.0.0.0/0",
                            "from_port": "22",
                            "id": "sgrule-1857729301",
                            "ipv6_cidr_blocks.#": "0",
                            "prefix_list_ids.#": "0",
                            "protocol": "tcp",
                            "security_group_id": "sg-3d242143",
                            "self": "false",
                            "to_port": "22",
                            "type": "ingress"
                        },
                        "meta": {
                            "schema_version": "2"
                        },
                        "tainted": false
                    },
                    "deposed": [],
                    "provider": ""
                },
                "aws_security_group_rule.webserversg_ingress_80": {
                    "type": "aws_security_group_rule",
                    "depends_on": [
                        "aws_security_group.WebServerSG"
                    ],
                    "primary": {
                        "id": "sgrule-3627085472",
                        "attributes": {
                            "cidr_blocks.#": "1",
                            "cidr_blocks.0": "0.0.0.0/0",
                            "from_port": "80",
                            "id": "sgrule-3627085472",
                            "ipv6_cidr_blocks.#": "0",
                            "prefix_list_ids.#": "0",
                            "protocol": "tcp",
                            "security_group_id": "sg-3d242143",
                            "self": "false",
                            "to_port": "80",
                            "type": "ingress"
                        },
                        "meta": {
                            "schema_version": "2"
                        },
                        "tainted": false
                    },
                    "deposed": [],
                    "provider": ""
                },
                "aws_subnet.priv_sub.0": {
                    "type": "aws_subnet",
                    "depends_on": [
                        "aws_vpc.poc_vpc"
                    ],
                    "primary": {
                        "id": "subnet-314a9b6b",
                        "attributes": {
                            "assign_ipv6_address_on_creation": "false",
                            "availability_zone": "us-east-1a",
                            "cidr_block": "10.0.1.0/26",
                            "id": "subnet-314a9b6b",
                            "map_public_ip_on_launch": "false",
                            "tags.%": "1",
                            "tags.Name": "Private Subnet 1",
                            "vpc_id": "vpc-502dfc29"
                        },
                        "meta": {
                            "schema_version": "1"
                        },
                        "tainted": false
                    },
                    "deposed": [],
                    "provider": ""
                },
                "aws_subnet.priv_sub.1": {
                    "type": "aws_subnet",
                    "depends_on": [
                        "aws_vpc.poc_vpc"
                    ],
                    "primary": {
                        "id": "subnet-7ed4ec1b",
                        "attributes": {
                            "assign_ipv6_address_on_creation": "false",
                            "availability_zone": "us-east-1b",
                            "cidr_block": "10.0.1.64/26",
                            "id": "subnet-7ed4ec1b",
                            "map_public_ip_on_launch": "false",
                            "tags.%": "1",
                            "tags.Name": "Private Subnet 2",
                            "vpc_id": "vpc-502dfc29"
                        },
                        "meta": {
                            "schema_version": "1"
                        },
                        "tainted": false
                    },
                    "deposed": [],
                    "provider": ""
                },
                "aws_subnet.pub_sub.0": {
                    "type": "aws_subnet",
                    "depends_on": [
                        "aws_vpc.poc_vpc"
                    ],
                    "primary": {
                        "id": "subnet-6a4c9d30",
                        "attributes": {
                            "assign_ipv6_address_on_creation": "false",
                            "availability_zone": "us-east-1a",
                            "cidr_block": "10.0.0.0/26",
                            "id": "subnet-6a4c9d30",
                            "map_public_ip_on_launch": "true",
                            "tags.%": "1",
                            "tags.Name": "Public Subnet 1",
                            "vpc_id": "vpc-502dfc29"
                        },
                        "meta": {
                            "schema_version": "1"
                        },
                        "tainted": false
                    },
                    "deposed": [],
                    "provider": ""
                },
                "aws_subnet.pub_sub.1": {
                    "type": "aws_subnet",
                    "depends_on": [
                        "aws_vpc.poc_vpc"
                    ],
                    "primary": {
                        "id": "subnet-7fd4ec1a",
                        "attributes": {
                            "assign_ipv6_address_on_creation": "false",
                            "availability_zone": "us-east-1b",
                            "cidr_block": "10.0.0.64/26",
                            "id": "subnet-7fd4ec1a",
                            "map_public_ip_on_launch": "true",
                            "tags.%": "1",
                            "tags.Name": "Public Subnet 2",
                            "vpc_id": "vpc-502dfc29"
                        },
                        "meta": {
                            "schema_version": "1"
                        },
                        "tainted": false
                    },
                    "deposed": [],
                    "provider": ""
                },
                "aws_vpc.poc_vpc": {
                    "type": "aws_vpc",
                    "depends_on": [],
                    "primary": {
                        "id": "vpc-502dfc29",
                        "attributes": {
                            "assign_generated_ipv6_cidr_block": "false",
                            "cidr_block": "10.0.0.0/16",
                            "default_network_acl_id": "acl-756d1e0c",
                            "default_route_table_id": "rtb-590b9c21",
                            "default_security_group_id": "sg-b91a1fc7",
                            "dhcp_options_id": "dopt-ff674a98",
                            "enable_classiclink": "false",
                            "enable_dns_hostnames": "true",
                            "enable_dns_support": "true",
                            "id": "vpc-502dfc29",
                            "instance_tenancy": "default",
                            "main_route_table_id": "rtb-590b9c21",
                            "tags.%": "1",
                            "tags.Name": "POC_VPC"
                        },
                        "meta": {
                            "schema_version": "1"
                        },
                        "tainted": false
                    },
                    "deposed": [],
                    "provider": ""
                },
                "data.template_file.poc_db_ud": {
                    "type": "template_file",
                    "depends_on": [],
                    "primary": {
                        "id": "d589525c13a6c2ebd0486183140e2f9421745954d1d16343f67be63478b8b226",
                        "attributes": {
                            "id": "d589525c13a6c2ebd0486183140e2f9421745954d1d16343f67be63478b8b226",
                            "rendered": "#!/bin/bash\nyum -y update\nyum -y install mysql-server \n/etc/init.d/mysqld start\n",
                            "template": "#!/bin/bash\nyum -y update\nyum -y install mysql-server \n/etc/init.d/mysqld start\n"
                        },
                        "meta": {},
                        "tainted": false
                    },
                    "deposed": [],
                    "provider": ""
                },
                "data.template_file.poc_lc_ud": {
                    "type": "template_file",
                    "depends_on": [],
                    "primary": {
                        "id": "fc1a66de2bda3bc5aadd86380738ff836ce9aadba41d88707f2c52a7b346de87",
                        "attributes": {
                            "id": "fc1a66de2bda3bc5aadd86380738ff836ce9aadba41d88707f2c52a7b346de87",
                            "rendered": "#!/bin/bash\nID=`curl http://169.254.169.254/latest/meta-data/instance-id`\necho \"Nginx Webpage from custom AMI. Nginx instance ID: $ID\" \u003e /usr/share/nginx/html/index.html\naws  ec2 create-tags  --region us-east-1 --resources $ID --tags Key=Name,Value=$ID\n/etc/init.d/nginx restart\n",
                            "template": "#!/bin/bash\nID=`curl http://169.254.169.254/latest/meta-data/instance-id`\necho \"Nginx Webpage from custom AMI. Nginx instance ID: $ID\" \u003e /usr/share/nginx/html/index.html\naws  ec2 create-tags  --region us-east-1 --resources $ID --tags Key=Name,Value=$ID\n/etc/init.d/nginx restart\n"
                        },
                        "meta": {},
                        "tainted": false
                    },
                    "deposed": [],
                    "provider": ""
                },
                "data.template_file.poc_web_ud": {
                    "type": "template_file",
                    "depends_on": [],
                    "primary": {
                        "id": "f4f4d0cf5c9507aa38a12b36262bf04dde645f421bdb16685d02907c3000b103",
                        "attributes": {
                            "id": "f4f4d0cf5c9507aa38a12b36262bf04dde645f421bdb16685d02907c3000b103",
                            "rendered": "#!/bin/bash\nID=`curl http://169.254.169.254/latest/meta-data/instance-id`\necho \"Nginx Webpage from custom AMI. Nginx instance ID: $ID\" \u003e /usr/share/nginx/html/index.html\n/etc/init.d/nginx restart\n",
                            "template": "#!/bin/bash\nID=`curl http://169.254.169.254/latest/meta-data/instance-id`\necho \"Nginx Webpage from custom AMI. Nginx instance ID: $ID\" \u003e /usr/share/nginx/html/index.html\n/etc/init.d/nginx restart\n"
                        },
                        "meta": {},
                        "tainted": false
                    },
                    "deposed": [],
                    "provider": ""
                }
            },
            "depends_on": []
        }
    ]
}
